// !$*UTF8*$!
{
	archiveVersion = 1;
	classes = {
	};
	objectVersion = 50;
	objects = {

/* Begin PBXBuildFile section */
		19AC28EA00F7EBA724376809 /* Pods_FlixTests.framework in Frameworks */ = {isa = PBXBuildFile; fileRef = E6E56F3B375B266F87A8A080 /* Pods_FlixTests.framework */; };
		81F91591F3C5DD48AF1744B6 /* Pods_FlixUITests.framework in Frameworks */ = {isa = PBXBuildFile; fileRef = AEDECAEE567A1EAB3368D17F /* Pods_FlixUITests.framework */; };
		8705F7AEC6BE64972FBB7F87 /* Pods_Flix.framework in Frameworks */ = {isa = PBXBuildFile; fileRef = 2FE38E5CB1A69CCE68FDC122 /* Pods_Flix.framework */; };
		D791F3CA2114FFD2007874FD /* MovieCell.swift in Sources */ = {isa = PBXBuildFile; fileRef = D791F3C92114FFD2007874FD /* MovieCell.swift */; };
		D7C624872113E15300D17D3C /* AppDelegate.swift in Sources */ = {isa = PBXBuildFile; fileRef = D7C624862113E15300D17D3C /* AppDelegate.swift */; };
		D7C6248C2113E15300D17D3C /* Main.storyboard in Resources */ = {isa = PBXBuildFile; fileRef = D7C6248A2113E15300D17D3C /* Main.storyboard */; };
		D7C6248E2113E15800D17D3C /* Assets.xcassets in Resources */ = {isa = PBXBuildFile; fileRef = D7C6248D2113E15800D17D3C /* Assets.xcassets */; };
		D7C624912113E15800D17D3C /* LaunchScreen.storyboard in Resources */ = {isa = PBXBuildFile; fileRef = D7C6248F2113E15800D17D3C /* LaunchScreen.storyboard */; };
		D7C6249C2113E15900D17D3C /* FlixTests.swift in Sources */ = {isa = PBXBuildFile; fileRef = D7C6249B2113E15900D17D3C /* FlixTests.swift */; };
		D7C624A72113E15900D17D3C /* FlixUITests.swift in Sources */ = {isa = PBXBuildFile; fileRef = D7C624A62113E15900D17D3C /* FlixUITests.swift */; };
		D7C624B72114192100D17D3C /* NowPlayingViewController.swift in Sources */ = {isa = PBXBuildFile; fileRef = D7C624B62114192100D17D3C /* NowPlayingViewController.swift */; };
/* End PBXBuildFile section */

/* Begin PBXContainerItemProxy section */
		D7C624982113E15900D17D3C /* PBXContainerItemProxy */ = {
			isa = PBXContainerItemProxy;
			containerPortal = D7C6247B2113E15300D17D3C /* Project object */;
			proxyType = 1;
			remoteGlobalIDString = D7C624822113E15300D17D3C;
			remoteInfo = Flix;
		};
		D7C624A32113E15900D17D3C /* PBXContainerItemProxy */ = {
			isa = PBXContainerItemProxy;
			containerPortal = D7C6247B2113E15300D17D3C /* Project object */;
			proxyType = 1;
			remoteGlobalIDString = D7C624822113E15300D17D3C;
			remoteInfo = Flix;
		};
/* End PBXContainerItemProxy section */

/* Begin PBXFileReference section */
		0B307A29E4504CE75DD940A0 /* Pods-FlixTests.release.xcconfig */ = {isa = PBXFileReference; includeInIndex = 1; lastKnownFileType = text.xcconfig; name = "Pods-FlixTests.release.xcconfig"; path = "Pods/Target Support Files/Pods-FlixTests/Pods-FlixTests.release.xcconfig"; sourceTree = "<group>"; };
		10B794EE607C9708674CAAB7 /* Pods-FlixUITests.debug.xcconfig */ = {isa = PBXFileReference; includeInIndex = 1; lastKnownFileType = text.xcconfig; name = "Pods-FlixUITests.debug.xcconfig"; path = "Pods/Target Support Files/Pods-FlixUITests/Pods-FlixUITests.debug.xcconfig"; sourceTree = "<group>"; };
		18EBA9D087570185FD65A4FF /* Pods-Flix.release.xcconfig */ = {isa = PBXFileReference; includeInIndex = 1; lastKnownFileType = text.xcconfig; name = "Pods-Flix.release.xcconfig"; path = "Pods/Target Support Files/Pods-Flix/Pods-Flix.release.xcconfig"; sourceTree = "<group>"; };
		2FE38E5CB1A69CCE68FDC122 /* Pods_Flix.framework */ = {isa = PBXFileReference; explicitFileType = wrapper.framework; includeInIndex = 0; path = Pods_Flix.framework; sourceTree = BUILT_PRODUCTS_DIR; };
		AEDECAEE567A1EAB3368D17F /* Pods_FlixUITests.framework */ = {isa = PBXFileReference; explicitFileType = wrapper.framework; includeInIndex = 0; path = Pods_FlixUITests.framework; sourceTree = BUILT_PRODUCTS_DIR; };
		B5797BCFAFD32E132F857FE8 /* Pods-FlixTests.debug.xcconfig */ = {isa = PBXFileReference; includeInIndex = 1; lastKnownFileType = text.xcconfig; name = "Pods-FlixTests.debug.xcconfig"; path = "Pods/Target Support Files/Pods-FlixTests/Pods-FlixTests.debug.xcconfig"; sourceTree = "<group>"; };
		B7458954F77F8A2D2481BF15 /* Pods-Flix.debug.xcconfig */ = {isa = PBXFileReference; includeInIndex = 1; lastKnownFileType = text.xcconfig; name = "Pods-Flix.debug.xcconfig"; path = "Pods/Target Support Files/Pods-Flix/Pods-Flix.debug.xcconfig"; sourceTree = "<group>"; };
		B769463FBEEE38818A129478 /* Pods-FlixUITests.release.xcconfig */ = {isa = PBXFileReference; includeInIndex = 1; lastKnownFileType = text.xcconfig; name = "Pods-FlixUITests.release.xcconfig"; path = "Pods/Target Support Files/Pods-FlixUITests/Pods-FlixUITests.release.xcconfig"; sourceTree = "<group>"; };
		D791F3C92114FFD2007874FD /* MovieCell.swift */ = {isa = PBXFileReference; lastKnownFileType = sourcecode.swift; path = MovieCell.swift; sourceTree = "<group>"; };
		D7C624832113E15300D17D3C /* Flix.app */ = {isa = PBXFileReference; explicitFileType = wrapper.application; includeInIndex = 0; path = Flix.app; sourceTree = BUILT_PRODUCTS_DIR; };
		D7C624862113E15300D17D3C /* AppDelegate.swift */ = {isa = PBXFileReference; lastKnownFileType = sourcecode.swift; path = AppDelegate.swift; sourceTree = "<group>"; };
		D7C6248B2113E15300D17D3C /* Base */ = {isa = PBXFileReference; lastKnownFileType = file.storyboard; name = Base; path = Base.lproj/Main.storyboard; sourceTree = "<group>"; };
		D7C6248D2113E15800D17D3C /* Assets.xcassets */ = {isa = PBXFileReference; lastKnownFileType = folder.assetcatalog; path = Assets.xcassets; sourceTree = "<group>"; };
		D7C624902113E15800D17D3C /* Base */ = {isa = PBXFileReference; lastKnownFileType = file.storyboard; name = Base; path = Base.lproj/LaunchScreen.storyboard; sourceTree = "<group>"; };
		D7C624922113E15800D17D3C /* Info.plist */ = {isa = PBXFileReference; lastKnownFileType = text.plist.xml; path = Info.plist; sourceTree = "<group>"; };
		D7C624972113E15900D17D3C /* FlixTests.xctest */ = {isa = PBXFileReference; explicitFileType = wrapper.cfbundle; includeInIndex = 0; path = FlixTests.xctest; sourceTree = BUILT_PRODUCTS_DIR; };
		D7C6249B2113E15900D17D3C /* FlixTests.swift */ = {isa = PBXFileReference; lastKnownFileType = sourcecode.swift; path = FlixTests.swift; sourceTree = "<group>"; };
		D7C6249D2113E15900D17D3C /* Info.plist */ = {isa = PBXFileReference; lastKnownFileType = text.plist.xml; path = Info.plist; sourceTree = "<group>"; };
		D7C624A22113E15900D17D3C /* FlixUITests.xctest */ = {isa = PBXFileReference; explicitFileType = wrapper.cfbundle; includeInIndex = 0; path = FlixUITests.xctest; sourceTree = BUILT_PRODUCTS_DIR; };
		D7C624A62113E15900D17D3C /* FlixUITests.swift */ = {isa = PBXFileReference; lastKnownFileType = sourcecode.swift; path = FlixUITests.swift; sourceTree = "<group>"; };
		D7C624A82113E15900D17D3C /* Info.plist */ = {isa = PBXFileReference; lastKnownFileType = text.plist.xml; path = Info.plist; sourceTree = "<group>"; };
		D7C624B62114192100D17D3C /* NowPlayingViewController.swift */ = {isa = PBXFileReference; lastKnownFileType = sourcecode.swift; path = NowPlayingViewController.swift; sourceTree = "<group>"; };
		E6E56F3B375B266F87A8A080 /* Pods_FlixTests.framework */ = {isa = PBXFileReference; explicitFileType = wrapper.framework; includeInIndex = 0; path = Pods_FlixTests.framework; sourceTree = BUILT_PRODUCTS_DIR; };
/* End PBXFileReference section */

/* Begin PBXFrameworksBuildPhase section */
		D7C624802113E15300D17D3C /* Frameworks */ = {
			isa = PBXFrameworksBuildPhase;
			buildActionMask = 2147483647;
			files = (
				8705F7AEC6BE64972FBB7F87 /* Pods_Flix.framework in Frameworks */,
			);
			runOnlyForDeploymentPostprocessing = 0;
		};
		D7C624942113E15900D17D3C /* Frameworks */ = {
			isa = PBXFrameworksBuildPhase;
			buildActionMask = 2147483647;
			files = (
				19AC28EA00F7EBA724376809 /* Pods_FlixTests.framework in Frameworks */,
			);
			runOnlyForDeploymentPostprocessing = 0;
		};
		D7C6249F2113E15900D17D3C /* Frameworks */ = {
			isa = PBXFrameworksBuildPhase;
			buildActionMask = 2147483647;
			files = (
				81F91591F3C5DD48AF1744B6 /* Pods_FlixUITests.framework in Frameworks */,
			);
			runOnlyForDeploymentPostprocessing = 0;
		};
/* End PBXFrameworksBuildPhase section */

/* Begin PBXGroup section */
		3CE794C5115ED27DDB8CEA9B /* Frameworks */ = {
			isa = PBXGroup;
			children = (
				2FE38E5CB1A69CCE68FDC122 /* Pods_Flix.framework */,
				E6E56F3B375B266F87A8A080 /* Pods_FlixTests.framework */,
				AEDECAEE567A1EAB3368D17F /* Pods_FlixUITests.framework */,
			);
			name = Frameworks;
			sourceTree = "<group>";
		};
		3DBBE0968C989D9852AE3BAD /* Pods */ = {
			isa = PBXGroup;
			children = (
				B7458954F77F8A2D2481BF15 /* Pods-Flix.debug.xcconfig */,
				18EBA9D087570185FD65A4FF /* Pods-Flix.release.xcconfig */,
				B5797BCFAFD32E132F857FE8 /* Pods-FlixTests.debug.xcconfig */,
				0B307A29E4504CE75DD940A0 /* Pods-FlixTests.release.xcconfig */,
				10B794EE607C9708674CAAB7 /* Pods-FlixUITests.debug.xcconfig */,
				B769463FBEEE38818A129478 /* Pods-FlixUITests.release.xcconfig */,
			);
			name = Pods;
			sourceTree = "<group>";
		};
		D7C6247A2113E15300D17D3C = {
			isa = PBXGroup;
			children = (
				D7C624852113E15300D17D3C /* Flix */,
				D7C6249A2113E15900D17D3C /* FlixTests */,
				D7C624A52113E15900D17D3C /* FlixUITests */,
				D7C624842113E15300D17D3C /* Products */,
				3DBBE0968C989D9852AE3BAD /* Pods */,
				3CE794C5115ED27DDB8CEA9B /* Frameworks */,
			);
			sourceTree = "<group>";
		};
		D7C624842113E15300D17D3C /* Products */ = {
			isa = PBXGroup;
			children = (
				D7C624832113E15300D17D3C /* Flix.app */,
				D7C624972113E15900D17D3C /* FlixTests.xctest */,
				D7C624A22113E15900D17D3C /* FlixUITests.xctest */,
			);
			name = Products;
			sourceTree = "<group>";
		};
		D7C624852113E15300D17D3C /* Flix */ = {
			isa = PBXGroup;
			children = (
				D7C624862113E15300D17D3C /* AppDelegate.swift */,
				D7C624B62114192100D17D3C /* NowPlayingViewController.swift */,
				D7C6248A2113E15300D17D3C /* Main.storyboard */,
				D7C6248D2113E15800D17D3C /* Assets.xcassets */,
				D7C6248F2113E15800D17D3C /* LaunchScreen.storyboard */,
				D7C624922113E15800D17D3C /* Info.plist */,
				D791F3C92114FFD2007874FD /* MovieCell.swift */,
			);
			path = Flix;
			sourceTree = "<group>";
		};
		D7C6249A2113E15900D17D3C /* FlixTests */ = {
			isa = PBXGroup;
			children = (
				D7C6249B2113E15900D17D3C /* FlixTests.swift */,
				D7C6249D2113E15900D17D3C /* Info.plist */,
			);
			path = FlixTests;
			sourceTree = "<group>";
		};
		D7C624A52113E15900D17D3C /* FlixUITests */ = {
			isa = PBXGroup;
			children = (
				D7C624A62113E15900D17D3C /* FlixUITests.swift */,
				D7C624A82113E15900D17D3C /* Info.plist */,
			);
			path = FlixUITests;
			sourceTree = "<group>";
		};
/* End PBXGroup section */

/* Begin PBXNativeTarget section */
		D7C624822113E15300D17D3C /* Flix */ = {
			isa = PBXNativeTarget;
			buildConfigurationList = D7C624AB2113E15900D17D3C /* Build configuration list for PBXNativeTarget "Flix" */;
			buildPhases = (
				C0E20E48EE6F2E7DCCEFDFA1 /* [CP] Check Pods Manifest.lock */,
				D7C6247F2113E15300D17D3C /* Sources */,
				D7C624802113E15300D17D3C /* Frameworks */,
				D7C624812113E15300D17D3C /* Resources */,
				4B2E8FC6FEB40073CF2C35CE /* [CP] Embed Pods Frameworks */,
			);
			buildRules = (
			);
			dependencies = (
			);
			name = Flix;
			productName = Flix;
			productReference = D7C624832113E15300D17D3C /* Flix.app */;
			productType = "com.apple.product-type.application";
		};
		D7C624962113E15900D17D3C /* FlixTests */ = {
			isa = PBXNativeTarget;
			buildConfigurationList = D7C624AE2113E15900D17D3C /* Build configuration list for PBXNativeTarget "FlixTests" */;
			buildPhases = (
				F18CCE25003CEC4899EFE55D /* [CP] Check Pods Manifest.lock */,
				D7C624932113E15900D17D3C /* Sources */,
				D7C624942113E15900D17D3C /* Frameworks */,
				D7C624952113E15900D17D3C /* Resources */,
			);
			buildRules = (
			);
			dependencies = (
				D7C624992113E15900D17D3C /* PBXTargetDependency */,
			);
			name = FlixTests;
			productName = FlixTests;
			productReference = D7C624972113E15900D17D3C /* FlixTests.xctest */;
			productType = "com.apple.product-type.bundle.unit-test";
		};
		D7C624A12113E15900D17D3C /* FlixUITests */ = {
			isa = PBXNativeTarget;
			buildConfigurationList = D7C624B12113E15900D17D3C /* Build configuration list for PBXNativeTarget "FlixUITests" */;
			buildPhases = (
				3A55E4C9A2A49D3A4797143F /* [CP] Check Pods Manifest.lock */,
				D7C6249E2113E15900D17D3C /* Sources */,
				D7C6249F2113E15900D17D3C /* Frameworks */,
				D7C624A02113E15900D17D3C /* Resources */,
			);
			buildRules = (
			);
			dependencies = (
				D7C624A42113E15900D17D3C /* PBXTargetDependency */,
			);
			name = FlixUITests;
			productName = FlixUITests;
			productReference = D7C624A22113E15900D17D3C /* FlixUITests.xctest */;
			productType = "com.apple.product-type.bundle.ui-testing";
		};
/* End PBXNativeTarget section */

/* Begin PBXProject section */
		D7C6247B2113E15300D17D3C /* Project object */ = {
			isa = PBXProject;
			attributes = {
				LastSwiftUpdateCheck = 0940;
				LastUpgradeCheck = 0940;
				ORGANIZATIONNAME = "CSC Student";
				TargetAttributes = {
					D7C624822113E15300D17D3C = {
						CreatedOnToolsVersion = 9.4.1;
					};
					D7C624962113E15900D17D3C = {
						CreatedOnToolsVersion = 9.4.1;
						TestTargetID = D7C624822113E15300D17D3C;
					};
					D7C624A12113E15900D17D3C = {
						CreatedOnToolsVersion = 9.4.1;
						TestTargetID = D7C624822113E15300D17D3C;
					};
				};
			};
			buildConfigurationList = D7C6247E2113E15300D17D3C /* Build configuration list for PBXProject "Flix" */;
			compatibilityVersion = "Xcode 9.3";
			developmentRegion = en;
			hasScannedForEncodings = 0;
			knownRegions = (
				en,
				Base,
			);
			mainGroup = D7C6247A2113E15300D17D3C;
			productRefGroup = D7C624842113E15300D17D3C /* Products */;
			projectDirPath = "";
			projectRoot = "";
			targets = (
				D7C624822113E15300D17D3C /* Flix */,
				D7C624962113E15900D17D3C /* FlixTests */,
				D7C624A12113E15900D17D3C /* FlixUITests */,
			);
		};
/* End PBXProject section */

/* Begin PBXResourcesBuildPhase section */
		D7C624812113E15300D17D3C /* Resources */ = {
			isa = PBXResourcesBuildPhase;
			buildActionMask = 2147483647;
			files = (
				D7C624912113E15800D17D3C /* LaunchScreen.storyboard in Resources */,
				D7C6248E2113E15800D17D3C /* Assets.xcassets in Resources */,
				D7C6248C2113E15300D17D3C /* Main.storyboard in Resources */,
			);
			runOnlyForDeploymentPostprocessing = 0;
		};
		D7C624952113E15900D17D3C /* Resources */ = {
			isa = PBXResourcesBuildPhase;
			buildActionMask = 2147483647;
			files = (
			);
			runOnlyForDeploymentPostprocessing = 0;
		};
		D7C624A02113E15900D17D3C /* Resources */ = {
			isa = PBXResourcesBuildPhase;
			buildActionMask = 2147483647;
			files = (
			);
			runOnlyForDeploymentPostprocessing = 0;
		};
/* End PBXResourcesBuildPhase section */

/* Begin PBXShellScriptBuildPhase section */
		3A55E4C9A2A49D3A4797143F /* [CP] Check Pods Manifest.lock */ = {
			isa = PBXShellScriptBuildPhase;
			buildActionMask = 2147483647;
			files = (
			);
			inputPaths = (
				"${PODS_PODFILE_DIR_PATH}/Podfile.lock",
				"${PODS_ROOT}/Manifest.lock",
			);
			name = "[CP] Check Pods Manifest.lock";
			outputPaths = (
				"$(DERIVED_FILE_DIR)/Pods-FlixUITests-checkManifestLockResult.txt",
			);
			runOnlyForDeploymentPostprocessing = 0;
			shellPath = /bin/sh;
			shellScript = "diff \"${PODS_PODFILE_DIR_PATH}/Podfile.lock\" \"${PODS_ROOT}/Manifest.lock\" > /dev/null\nif [ $? != 0 ] ; then\n    # print error to STDERR\n    echo \"error: The sandbox is not in sync with the Podfile.lock. Run 'pod install' or update your CocoaPods installation.\" >&2\n    exit 1\nfi\n# This output is used by Xcode 'outputs' to avoid re-running this script phase.\necho \"SUCCESS\" > \"${SCRIPT_OUTPUT_FILE_0}\"\n";
			showEnvVarsInLog = 0;
		};
		4B2E8FC6FEB40073CF2C35CE /* [CP] Embed Pods Frameworks */ = {
			isa = PBXShellScriptBuildPhase;
			buildActionMask = 2147483647;
			files = (
			);
			inputPaths = (
				"${SRCROOT}/Pods/Target Support Files/Pods-Flix/Pods-Flix-frameworks.sh",
				"${BUILT_PRODUCTS_DIR}/Alamofire/Alamofire.framework",
				"${BUILT_PRODUCTS_DIR}/AlamofireImage/AlamofireImage.framework",
			);
			name = "[CP] Embed Pods Frameworks";
			outputPaths = (
				"${TARGET_BUILD_DIR}/${FRAMEWORKS_FOLDER_PATH}/Alamofire.framework",
				"${TARGET_BUILD_DIR}/${FRAMEWORKS_FOLDER_PATH}/AlamofireImage.framework",
			);
			runOnlyForDeploymentPostprocessing = 0;
			shellPath = /bin/sh;
			shellScript = "\"${SRCROOT}/Pods/Target Support Files/Pods-Flix/Pods-Flix-frameworks.sh\"\n";
			showEnvVarsInLog = 0;
		};
		C0E20E48EE6F2E7DCCEFDFA1 /* [CP] Check Pods Manifest.lock */ = {
			isa = PBXShellScriptBuildPhase;
			buildActionMask = 2147483647;
			files = (
			);
			inputPaths = (
				"${PODS_PODFILE_DIR_PATH}/Podfile.lock",
				"${PODS_ROOT}/Manifest.lock",
			);
			name = "[CP] Check Pods Manifest.lock";
			outputPaths = (
				"$(DERIVED_FILE_DIR)/Pods-Flix-checkManifestLockResult.txt",
			);
			runOnlyForDeploymentPostprocessing = 0;
			shellPath = /bin/sh;
			shellScript = "diff \"${PODS_PODFILE_DIR_PATH}/Podfile.lock\" \"${PODS_ROOT}/Manifest.lock\" > /dev/null\nif [ $? != 0 ] ; then\n    # print error to STDERR\n    echo \"error: The sandbox is not in sync with the Podfile.lock. Run 'pod install' or update your CocoaPods installation.\" >&2\n    exit 1\nfi\n# This output is used by Xcode 'outputs' to avoid re-running this script phase.\necho \"SUCCESS\" > \"${SCRIPT_OUTPUT_FILE_0}\"\n";
			showEnvVarsInLog = 0;
		};
		F18CCE25003CEC4899EFE55D /* [CP] Check Pods Manifest.lock */ = {
			isa = PBXShellScriptBuildPhase;
			buildActionMask = 2147483647;
			files = (
			);
			inputPaths = (
				"${PODS_PODFILE_DIR_PATH}/Podfile.lock",
				"${PODS_ROOT}/Manifest.lock",
			);
			name = "[CP] Check Pods Manifest.lock";
			outputPaths = (
				"$(DERIVED_FILE_DIR)/Pods-FlixTests-checkManifestLockResult.txt",
			);
			runOnlyForDeploymentPostprocessing = 0;
			shellPath = /bin/sh;
			shellScript = "diff \"${PODS_PODFILE_DIR_PATH}/Podfile.lock\" \"${PODS_ROOT}/Manifest.lock\" > /dev/null\nif [ $? != 0 ] ; then\n    # print error to STDERR\n    echo \"error: The sandbox is not in sync with the Podfile.lock. Run 'pod install' or update your CocoaPods installation.\" >&2\n    exit 1\nfi\n# This output is used by Xcode 'outputs' to avoid re-running this script phase.\necho \"SUCCESS\" > \"${SCRIPT_OUTPUT_FILE_0}\"\n";
			showEnvVarsInLog = 0;
		};
/* End PBXShellScriptBuildPhase section */

/* Begin PBXSourcesBuildPhase section */
		D7C6247F2113E15300D17D3C /* Sources */ = {
			isa = PBXSourcesBuildPhase;
			buildActionMask = 2147483647;
			files = (
				D7C624B72114192100D17D3C /* NowPlayingViewController.swift in Sources */,
				D7C624872113E15300D17D3C /* AppDelegate.swift in Sources */,
				D791F3CA2114FFD2007874FD /* MovieCell.swift in Sources */,
			);
			runOnlyForDeploymentPostprocessing = 0;
		};
		D7C624932113E15900D17D3C /* Sources */ = {
			isa = PBXSourcesBuildPhase;
			buildActionMask = 2147483647;
			files = (
				D7C6249C2113E15900D17D3C /* FlixTests.swift in Sources */,
			);
			runOnlyForDeploymentPostprocessing = 0;
		};
		D7C6249E2113E15900D17D3C /* Sources */ = {
			isa = PBXSourcesBuildPhase;
			buildActionMask = 2147483647;
			files = (
				D7C624A72113E15900D17D3C /* FlixUITests.swift in Sources */,
			);
			runOnlyForDeploymentPostprocessing = 0;
		};
/* End PBXSourcesBuildPhase section */

/* Begin PBXTargetDependency section */
		D7C624992113E15900D17D3C /* PBXTargetDependency */ = {
			isa = PBXTargetDependency;
			target = D7C624822113E15300D17D3C /* Flix */;
			targetProxy = D7C624982113E15900D17D3C /* PBXContainerItemProxy */;
		};
		D7C624A42113E15900D17D3C /* PBXTargetDependency */ = {
			isa = PBXTargetDependency;
			target = D7C624822113E15300D17D3C /* Flix */;
			targetProxy = D7C624A32113E15900D17D3C /* PBXContainerItemProxy */;
		};
/* End PBXTargetDependency section */

/* Begin PBXVariantGroup section */
		D7C6248A2113E15300D17D3C /* Main.storyboard */ = {
			isa = PBXVariantGroup;
			children = (
				D7C6248B2113E15300D17D3C /* Base */,
			);
			name = Main.storyboard;
			sourceTree = "<group>";
		};
		D7C6248F2113E15800D17D3C /* LaunchScreen.storyboard */ = {
			isa = PBXVariantGroup;
			children = (
				D7C624902113E15800D17D3C /* Base */,
			);
			name = LaunchScreen.storyboard;
			sourceTree = "<group>";
		};
/* End PBXVariantGroup section */

/* Begin XCBuildConfiguration section */
		D7C624A92113E15900D17D3C /* Debug */ = {
			isa = XCBuildConfiguration;
			buildSettings = {
				ALWAYS_SEARCH_USER_PATHS = NO;
				CLANG_ANALYZER_NONNULL = YES;
				CLANG_ANALYZER_NUMBER_OBJECT_CONVERSION = YES_AGGRESSIVE;
				CLANG_CXX_LANGUAGE_STANDARD = "gnu++14";
				CLANG_CXX_LIBRARY = "libc++";
				CLANG_ENABLE_MODULES = YES;
				CLANG_ENABLE_OBJC_ARC = YES;
				CLANG_ENABLE_OBJC_WEAK = YES;
				CLANG_WARN_BLOCK_CAPTURE_AUTORELEASING = YES;
				CLANG_WARN_BOOL_CONVERSION = YES;
				CLANG_WARN_COMMA = YES;
				CLANG_WARN_CONSTANT_CONVERSION = YES;
				CLANG_WARN_DEPRECATED_OBJC_IMPLEMENTATIONS = YES;
				CLANG_WARN_DIRECT_OBJC_ISA_USAGE = YES_ERROR;
				CLANG_WARN_DOCUMENTATION_COMMENTS = YES;
				CLANG_WARN_EMPTY_BODY = YES;
				CLANG_WARN_ENUM_CONVERSION = YES;
				CLANG_WARN_INFINITE_RECURSION = YES;
				CLANG_WARN_INT_CONVERSION = YES;
				CLANG_WARN_NON_LITERAL_NULL_CONVERSION = YES;
				CLANG_WARN_OBJC_IMPLICIT_RETAIN_SELF = YES;
				CLANG_WARN_OBJC_LITERAL_CONVERSION = YES;
				CLANG_WARN_OBJC_ROOT_CLASS = YES_ERROR;
				CLANG_WARN_RANGE_LOOP_ANALYSIS = YES;
				CLANG_WARN_STRICT_PROTOTYPES = YES;
				CLANG_WARN_SUSPICIOUS_MOVE = YES;
				CLANG_WARN_UNGUARDED_AVAILABILITY = YES_AGGRESSIVE;
				CLANG_WARN_UNREACHABLE_CODE = YES;
				CLANG_WARN__DUPLICATE_METHOD_MATCH = YES;
				CODE_SIGN_IDENTITY = "iPhone Developer";
				COPY_PHASE_STRIP = NO;
				DEBUG_INFORMATION_FORMAT = dwarf;
				ENABLE_STRICT_OBJC_MSGSEND = YES;
				ENABLE_TESTABILITY = YES;
				GCC_C_LANGUAGE_STANDARD = gnu11;
				GCC_DYNAMIC_NO_PIC = NO;
				GCC_NO_COMMON_BLOCKS = YES;
				GCC_OPTIMIZATION_LEVEL = 0;
				GCC_PREPROCESSOR_DEFINITIONS = (
					"DEBUG=1",
					"$(inherited)",
				);
				GCC_WARN_64_TO_32_BIT_CONVERSION = YES;
				GCC_WARN_ABOUT_RETURN_TYPE = YES_ERROR;
				GCC_WARN_UNDECLARED_SELECTOR = YES;
				GCC_WARN_UNINITIALIZED_AUTOS = YES_AGGRESSIVE;
				GCC_WARN_UNUSED_FUNCTION = YES;
				GCC_WARN_UNUSED_VARIABLE = YES;
				IPHONEOS_DEPLOYMENT_TARGET = 11.4;
				MTL_ENABLE_DEBUG_INFO = YES;
				ONLY_ACTIVE_ARCH = YES;
				SDKROOT = iphoneos;
				SWIFT_ACTIVE_COMPILATION_CONDITIONS = DEBUG;
				SWIFT_OPTIMIZATION_LEVEL = "-Onone";
			};
			name = Debug;
		};
		D7C624AA2113E15900D17D3C /* Release */ = {
			isa = XCBuildConfiguration;
			buildSettings = {
				ALWAYS_SEARCH_USER_PATHS = NO;
				CLANG_ANALYZER_NONNULL = YES;
				CLANG_ANALYZER_NUMBER_OBJECT_CONVERSION = YES_AGGRESSIVE;
				CLANG_CXX_LANGUAGE_STANDARD = "gnu++14";
				CLANG_CXX_LIBRARY = "libc++";
				CLANG_ENABLE_MODULES = YES;
				CLANG_ENABLE_OBJC_ARC = YES;
				CLANG_ENABLE_OBJC_WEAK = YES;
				CLANG_WARN_BLOCK_CAPTURE_AUTORELEASING = YES;
				CLANG_WARN_BOOL_CONVERSION = YES;
				CLANG_WARN_COMMA = YES;
				CLANG_WARN_CONSTANT_CONVERSION = YES;
				CLANG_WARN_DEPRECATED_OBJC_IMPLEMENTATIONS = YES;
				CLANG_WARN_DIRECT_OBJC_ISA_USAGE = YES_ERROR;
				CLANG_WARN_DOCUMENTATION_COMMENTS = YES;
				CLANG_WARN_EMPTY_BODY = YES;
				CLANG_WARN_ENUM_CONVERSION = YES;
				CLANG_WARN_INFINITE_RECURSION = YES;
				CLANG_WARN_INT_CONVERSION = YES;
				CLANG_WARN_NON_LITERAL_NULL_CONVERSION = YES;
				CLANG_WARN_OBJC_IMPLICIT_RETAIN_SELF = YES;
				CLANG_WARN_OBJC_LITERAL_CONVERSION = YES;
				CLANG_WARN_OBJC_ROOT_CLASS = YES_ERROR;
				CLANG_WARN_RANGE_LOOP_ANALYSIS = YES;
				CLANG_WARN_STRICT_PROTOTYPES = YES;
				CLANG_WARN_SUSPICIOUS_MOVE = YES;
				CLANG_WARN_UNGUARDED_AVAILABILITY = YES_AGGRESSIVE;
				CLANG_WARN_UNREACHABLE_CODE = YES;
				CLANG_WARN__DUPLICATE_METHOD_MATCH = YES;
				CODE_SIGN_IDENTITY = "iPhone Developer";
				COPY_PHASE_STRIP = NO;
				DEBUG_INFORMATION_FORMAT = "dwarf-with-dsym";
				ENABLE_NS_ASSERTIONS = NO;
				ENABLE_STRICT_OBJC_MSGSEND = YES;
				GCC_C_LANGUAGE_STANDARD = gnu11;
				GCC_NO_COMMON_BLOCKS = YES;
				GCC_WARN_64_TO_32_BIT_CONVERSION = YES;
				GCC_WARN_ABOUT_RETURN_TYPE = YES_ERROR;
				GCC_WARN_UNDECLARED_SELECTOR = YES;
				GCC_WARN_UNINITIALIZED_AUTOS = YES_AGGRESSIVE;
				GCC_WARN_UNUSED_FUNCTION = YES;
				GCC_WARN_UNUSED_VARIABLE = YES;
				IPHONEOS_DEPLOYMENT_TARGET = 11.4;
				MTL_ENABLE_DEBUG_INFO = NO;
				SDKROOT = iphoneos;
				SWIFT_COMPILATION_MODE = wholemodule;
				SWIFT_OPTIMIZATION_LEVEL = "-O";
				VALIDATE_PRODUCT = YES;
			};
			name = Release;
		};
		D7C624AC2113E15900D17D3C /* Debug */ = {
			isa = XCBuildConfiguration;
			baseConfigurationReference = B7458954F77F8A2D2481BF15 /* Pods-Flix.debug.xcconfig */;
			buildSettings = {
				ASSETCATALOG_COMPILER_APPICON_NAME = AppIcon;
				CODE_SIGN_STYLE = Automatic;
				INFOPLIST_FILE = Flix/Info.plist;
				LD_RUNPATH_SEARCH_PATHS = (
					"$(inherited)",
					"@executable_path/Frameworks",
				);
				PRODUCT_BUNDLE_IDENTIFIER = com.codepath.Flix;
				PRODUCT_NAME = "$(TARGET_NAME)";
				SWIFT_VERSION = 4.0;
				TARGETED_DEVICE_FAMILY = "1,2";
			};
			name = Debug;
		};
		D7C624AD2113E15900D17D3C /* Release */ = {
			isa = XCBuildConfiguration;
			baseConfigurationReference = 18EBA9D087570185FD65A4FF /* Pods-Flix.release.xcconfig */;
			buildSettings = {
				ASSETCATALOG_COMPILER_APPICON_NAME = AppIcon;
				CODE_SIGN_STYLE = Automatic;
				INFOPLIST_FILE = Flix/Info.plist;
				LD_RUNPATH_SEARCH_PATHS = (
					"$(inherited)",
					"@executable_path/Frameworks",
				);
				PRODUCT_BUNDLE_IDENTIFIER = com.codepath.Flix;
				PRODUCT_NAME = "$(TARGET_NAME)";
				SWIFT_VERSION = 4.0;
				TARGETED_DEVICE_FAMILY = "1,2";
			};
			name = Release;
		};
		D7C624AF2113E15900D17D3C /* Debug */ = {
			isa = XCBuildConfiguration;
			baseConfigurationReference = B5797BCFAFD32E132F857FE8 /* Pods-FlixTests.debug.xcconfig */;
			buildSettings = {
				ALWAYS_EMBED_SWIFT_STANDARD_LIBRARIES = YES;
				BUNDLE_LOADER = "$(TEST_HOST)";
				CODE_SIGN_STYLE = Automatic;
				INFOPLIST_FILE = FlixTests/Info.plist;
				LD_RUNPATH_SEARCH_PATHS = (
					"$(inherited)",
					"@executable_path/Frameworks",
					"@loader_path/Frameworks",
				);
				PRODUCT_BUNDLE_IDENTIFIER = com.codepath.FlixTests;
				PRODUCT_NAME = "$(TARGET_NAME)";
				SWIFT_VERSION = 4.0;
				TARGETED_DEVICE_FAMILY = "1,2";
				TEST_HOST = "$(BUILT_PRODUCTS_DIR)/Flix.app/Flix";
			};
			name = Debug;
		};
		D7C624B02113E15900D17D3C /* Release */ = {
			isa = XCBuildConfiguration;
			baseConfigurationReference = 0B307A29E4504CE75DD940A0 /* Pods-FlixTests.release.xcconfig */;
			buildSettings = {
				ALWAYS_EMBED_SWIFT_STANDARD_LIBRARIES = YES;
				BUNDLE_LOADER = "$(TEST_HOST)";
				CODE_SIGN_STYLE = Automatic;
				INFOPLIST_FILE = FlixTests/Info.plist;
				LD_RUNPATH_SEARCH_PATHS = (
					"$(inherited)",
					"@executable_path/Frameworks",
					"@loader_path/Frameworks",
				);
				PRODUCT_BUNDLE_IDENTIFIER = com.codepath.FlixTests;
				PRODUCT_NAME = "$(TARGET_NAME)";
				SWIFT_VERSION = 4.0;
				TARGETED_DEVICE_FAMILY = "1,2";
				TEST_HOST = "$(BUILT_PRODUCTS_DIR)/Flix.app/Flix";
			};
			name = Release;
		};
		D7C624B22113E15900D17D3C /* Debug */ = {
			isa = XCBuildConfiguration;
			baseConfigurationReference = 10B794EE607C9708674CAAB7 /* Pods-FlixUITests.debug.xcconfig */;
			buildSettings = {
				ALWAYS_EMBED_SWIFT_STANDARD_LIBRARIES = YES;
				CODE_SIGN_STYLE = Automatic;
				INFOPLIST_FILE = FlixUITests/Info.plist;
				LD_RUNPATH_SEARCH_PATHS = (
					"$(inherited)",
					"@executable_path/Frameworks",
					"@loader_path/Frameworks",
				);
				PRODUCT_BUNDLE_IDENTIFIER = com.codepath.FlixUITests;
				PRODUCT_NAME = "$(TARGET_NAME)";
				SWIFT_VERSION = 4.0;
				TARGETED_DEVICE_FAMILY = "1,2";
				TEST_TARGET_NAME = Flix;
			};
			name = Debug;
		};
		D7C624B32113E15900D17D3C /* Release */ = {
			isa = XCBuildConfiguration;
			baseConfigurationReference = B769463FBEEE38818A129478 /* Pods-FlixUITests.release.xcconfig */;
			buildSettings = {
				ALWAYS_EMBED_SWIFT_STANDARD_LIBRARIES = YES;
				CODE_SIGN_STYLE = Automatic;
				INFOPLIST_FILE = FlixUITests/Info.plist;
				LD_RUNPATH_SEARCH_PATHS = (
					"$(inherited)",
					"@executable_path/Frameworks",
					"@loader_path/Frameworks",
				);
				PRODUCT_BUNDLE_IDENTIFIER = com.codepath.FlixUITests;
				PRODUCT_NAME = "$(TARGET_NAME)";
				SWIFT_VERSION = 4.0;
				TARGETED_DEVICE_FAMILY = "1,2";
				TEST_TARGET_NAME = Flix;
			};
			name = Release;
		};
/* End XCBuildConfiguration section */

/* Begin XCConfigurationList section */
		D7C6247E2113E15300D17D3C /* Build configuration list for PBXProject "Flix" */ = {
			isa = XCConfigurationList;
			buildConfigurations = (
				D7C624A92113E15900D17D3C /* Debug */,
				D7C624AA2113E15900D17D3C /* Release */,
			);
			defaultConfigurationIsVisible = 0;
			defaultConfigurationName = Release;
		};
		D7C624AB2113E15900D17D3C /* Build configuration list for PBXNativeTarget "Flix" */ = {
			isa = XCConfigurationList;
			buildConfigurations = (
				D7C624AC2113E15900D17D3C /* Debug */,
				D7C624AD2113E15900D17D3C /* Release */,
			);
			defaultConfigurationIsVisible = 0;
			defaultConfigurationName = Release;
		};
		D7C624AE2113E15900D17D3C /* Build configuration list for PBXNativeTarget "FlixTests" */ = {
			isa = XCConfigurationList;
			buildConfigurations = (
				D7C624AF2113E15900D17D3C /* Debug */,
				D7C624B02113E15900D17D3C /* Release */,
			);
			defaultConfigurationIsVisible = 0;
			defaultConfigurationName = Release;
		};
		D7C624B12113E15900D17D3C /* Build configuration list for PBXNativeTarget "FlixUITests" */ = {
			isa = XCConfigurationList;
			buildConfigurations = (
				D7C624B22113E15900D17D3C /* Debug */,
				D7C624B32113E15900D17D3C /* Release */,
			);
			defaultConfigurationIsVisible = 0;
			defaultConfigurationName = Release;
		};
/* End XCConfigurationList section */
	};
	rootObject = D7C6247B2113E15300D17D3C /* Project object */;
}
